
Microsoft Visual Studio Solution File, Format Version 12.00
# Visual Studio 2012
Project("{FAE04EC0-301F-11D3-BF4B-00C04F79EFBC}") = "ListInViewStateApp", "ListInViewStateApp\ListInViewStateApp.csproj", "{D997F1A6-2445-4BE3-A275-8DFB803CFCFB}"
EndProject
Global
	GlobalSection(SolutionConfigurationPlatforms) = preSolution
		Debug|Any CPU = Debug|Any CPU
		Release|Any CPU = Release|Any CPU
	EndGlobalSection
	GlobalSection(ProjectConfigurationPlatforms) = postSolution
		{D997F1A6-2445-4BE3-A275-8DFB803CFCFB}.Debug|Any CPU.ActiveCfg = Debug|Any CPU
		{D997F1A6-2445-4BE3-A275-8DFB803CFCFB}.Debug|Any CPU.Build.0 = Debug|Any CPU
		{D997F1A6-2445-4BE3-A275-8DFB803CFCFB}.Release|Any CPU.ActiveCfg = Release|Any CPU
		{D997F1A6-2445-4BE3-A275-8DFB803CFCFB}.Release|Any CPU.Build.0 = Release|Any CPU
	EndGlobalSection
	GlobalSection(SolutionProperties) = preSolution
		HideSolutionNode = FALSE
	EndGlobalSection
EndGlobal
